
Microsoft Visual Studio Solution File, Format Version 12.00
# Visual Studio Version 16
VisualStudioVersion = 16.0.29728.190
MinimumVisualStudioVersion = 10.0.40219.1
Project("{9A19103F-16F7-4668-BE54-9A1E7A4F7556}") = "FileStorage", "FileStorage\FileStorage.csproj", "{226B5088-DF2E-4034-A85F-B6F0AEEBFC07}"
EndProject
Global
	GlobalSection(SolutionConfigurationPlatforms) = preSolution
		Debug|Any CPU = Debug|Any CPU
		Release|Any CPU = Release|Any CPU
	EndGlobalSection
	GlobalSection(ProjectConfigurationPlatforms) = postSolution
		{226B5088-DF2E-4034-A85F-B6F0AEEBFC07}.Debug|Any CPU.ActiveCfg = Debug|Any CPU
		{226B5088-DF2E-4034-A85F-B6F0AEEBFC07}.Debug|Any CPU.Build.0 = Debug|Any CPU
		{226B5088-DF2E-4034-A85F-B6F0AEEBFC07}.Release|Any CPU.ActiveCfg = Release|Any CPU
		{226B5088-DF2E-4034-A85F-B6F0AEEBFC07}.Release|Any CPU.Build.0 = Release|Any CPU
		{D9DB0DBF-0571-4624-BCAA-539A984D0899}.Debug|Any CPU.ActiveCfg = Debug|Any CPU
		{D9DB0DBF-0571-4624-BCAA-539A984D0899}.Debug|Any CPU.Build.0 = Debug|Any CPU
		{D9DB0DBF-0571-4624-BCAA-539A984D0899}.Release|Any CPU.ActiveCfg = Release|Any CPU
		{D9DB0DBF-0571-4624-BCAA-539A984D0899}.Release|Any CPU.Build.0 = Release|Any CPU
		{BFB5193E-724E-41EA-B85D-5A74A07A0665}.Debug|Any CPU.ActiveCfg = Debug|Any CPU
		{BFB5193E-724E-41EA-B85D-5A74A07A0665}.Debug|Any CPU.Build.0 = Debug|Any CPU
		{BFB5193E-724E-41EA-B85D-5A74A07A0665}.Release|Any CPU.ActiveCfg = Release|Any CPU
		{BFB5193E-724E-41EA-B85D-5A74A07A0665}.Release|Any CPU.Build.0 = Release|Any CPU
	EndGlobalSection
	GlobalSection(SolutionProperties) = preSolution
		HideSolutionNode = FALSE
	EndGlobalSection
	GlobalSection(ExtensibilityGlobals) = postSolution
		SolutionGuid = {2D797161-4BE9-43C3-A46B-BD4D2740CE40}
	EndGlobalSection
EndGlobal
